
Microsoft Visual Studio Solution File, Format Version 12.00
# Visual Studio Version 16
VisualStudioVersion = 16.0.29215.179
MinimumVisualStudioVersion = 10.0.40219.1
Project("{FAE04EC0-301F-11D3-BF4B-00C04F79EFBC}") = "core3.Server", "core3.Server\core3.Server.csproj", "{1FA2335B-B178-432C-8167-497591BA7233}"
EndProject
Project("{FAE04EC0-301F-11D3-BF4B-00C04F79EFBC}") = "core3.Client", "core3.Client\core3.Client.csproj", "{ED133142-A612-4104-8D65-01974AFE303C}"
EndProject
Project("{FAE04EC0-301F-11D3-BF4B-00C04F79EFBC}") = "core3.Shared", "core3.Shared\core3.Shared.csproj", "{2B070465-16FE-4E3E-8F5A-7A4B0D2B8912}"
EndProject
Global
	GlobalSection(SolutionConfigurationPlatforms) = preSolution
		Debug|Any CPU = Debug|Any CPU
		Release|Any CPU = Release|Any CPU
	EndGlobalSection
	GlobalSection(ProjectConfigurationPlatforms) = postSolution
		{1FA2335B-B178-432C-8167-497591BA7233}.Debug|Any CPU.ActiveCfg = Debug|Any CPU
		{1FA2335B-B178-432C-8167-497591BA7233}.Debug|Any CPU.Build.0 = Debug|Any CPU
		{1FA2335B-B178-432C-8167-497591BA7233}.Release|Any CPU.ActiveCfg = Release|Any CPU
		{1FA2335B-B178-432C-8167-497591BA7233}.Release|Any CPU.Build.0 = Release|Any CPU
		{ED133142-A612-4104-8D65-01974AFE303C}.Debug|Any CPU.ActiveCfg = Debug|Any CPU
		{ED133142-A612-4104-8D65-01974AFE303C}.Debug|Any CPU.Build.0 = Debug|Any CPU
		{ED133142-A612-4104-8D65-01974AFE303C}.Release|Any CPU.ActiveCfg = Release|Any CPU
		{ED133142-A612-4104-8D65-01974AFE303C}.Release|Any CPU.Build.0 = Release|Any CPU
		{2B070465-16FE-4E3E-8F5A-7A4B0D2B8912}.Debug|Any CPU.ActiveCfg = Debug|Any CPU
		{2B070465-16FE-4E3E-8F5A-7A4B0D2B8912}.Debug|Any CPU.Build.0 = Debug|Any CPU
		{2B070465-16FE-4E3E-8F5A-7A4B0D2B8912}.Release|Any CPU.ActiveCfg = Release|Any CPU
		{2B070465-16FE-4E3E-8F5A-7A4B0D2B8912}.Release|Any CPU.Build.0 = Release|Any CPU
	EndGlobalSection
	GlobalSection(SolutionProperties) = preSolution
		HideSolutionNode = FALSE
	EndGlobalSection
	GlobalSection(ExtensibilityGlobals) = postSolution
		SolutionGuid = {3BE90781-0FB6-406F-9ECC-AD0F649B3E7C}
	EndGlobalSection
EndGlobal
