
Microsoft Visual Studio Solution File, Format Version 12.00
# Visual Studio Version 16
VisualStudioVersion = 16.0.29613.14
MinimumVisualStudioVersion = 10.0.40219.1
Project("{FAE04EC0-301F-11D3-BF4B-00C04F79EFBC}") = "DistributedLogger", "DistributedLogger\DistributedLogger.csproj", "{CAA6067A-543F-45F6-A64E-238A666F16E1}"
EndProject
Global
	GlobalSection(SolutionConfigurationPlatforms) = preSolution
		Debug|Any CPU = Debug|Any CPU
		Release|Any CPU = Release|Any CPU
	EndGlobalSection
	GlobalSection(ProjectConfigurationPlatforms) = postSolution
		{CAA6067A-543F-45F6-A64E-238A666F16E1}.Debug|Any CPU.ActiveCfg = Debug|Any CPU
		{CAA6067A-543F-45F6-A64E-238A666F16E1}.Debug|Any CPU.Build.0 = Debug|Any CPU
		{CAA6067A-543F-45F6-A64E-238A666F16E1}.Release|Any CPU.ActiveCfg = Release|Any CPU
		{CAA6067A-543F-45F6-A64E-238A666F16E1}.Release|Any CPU.Build.0 = Release|Any CPU
	EndGlobalSection
	GlobalSection(SolutionProperties) = preSolution
		HideSolutionNode = FALSE
	EndGlobalSection
	GlobalSection(ExtensibilityGlobals) = postSolution
		SolutionGuid = {50D71ADB-348C-4E7B-A355-111C2164D71C}
	EndGlobalSection
EndGlobal
