
Microsoft Visual Studio Solution File, Format Version 12.00
# Visual Studio Version 16
VisualStudioVersion = 16.0.29306.81
MinimumVisualStudioVersion = 10.0.40219.1
Project("{9A19103F-16F7-4668-BE54-9A1E7A4F7556}") = "MessageQueuePublisher", "MessageQueuePublishing\MessageQueuePublisher.csproj", "{F4506722-81B8-41DC-B619-5DB15C324EAE}"
EndProject
Global
	GlobalSection(SolutionConfigurationPlatforms) = preSolution
		Debug|Any CPU = Debug|Any CPU
		Release|Any CPU = Release|Any CPU
	EndGlobalSection
	GlobalSection(ProjectConfigurationPlatforms) = postSolution
		{F4506722-81B8-41DC-B619-5DB15C324EAE}.Debug|Any CPU.ActiveCfg = Debug|Any CPU
		{F4506722-81B8-41DC-B619-5DB15C324EAE}.Debug|Any CPU.Build.0 = Debug|Any CPU
		{F4506722-81B8-41DC-B619-5DB15C324EAE}.Release|Any CPU.ActiveCfg = Release|Any CPU
		{F4506722-81B8-41DC-B619-5DB15C324EAE}.Release|Any CPU.Build.0 = Release|Any CPU
	EndGlobalSection
	GlobalSection(SolutionProperties) = preSolution
		HideSolutionNode = FALSE
	EndGlobalSection
	GlobalSection(ExtensibilityGlobals) = postSolution
		SolutionGuid = {E7C65A4E-B883-45AF-A4B4-BC7C9D5300F4}
	EndGlobalSection
EndGlobal
